// !$*UTF8*$!
{
	archiveVersion = 1;
	classes = {
	};
	objectVersion = 56;
	objects = {

/* Begin PBXBuildFile section */
		F8A8F0C32C33E2730012501C /* LMS_MobileApp.swift in Sources */ = {isa = PBXBuildFile; fileRef = F8A8F0C22C33E2730012501C /* LMS_MobileApp.swift */; };
		F8A8F0C52C33E2730012501C /* LoginView.swift in Sources */ = {isa = PBXBuildFile; fileRef = F8A8F0C42C33E2730012501C /* LoginView.swift */; };
		F8A8F0C72C33E2760012501C /* Assets.xcassets in Resources */ = {isa = PBXBuildFile; fileRef = F8A8F0C62C33E2760012501C /* Assets.xcassets */; };
		F8A8F0CA2C33E2760012501C /* Preview Assets.xcassets in Resources */ = {isa = PBXBuildFile; fileRef = F8A8F0C92C33E2760012501C /* Preview Assets.xcassets */; };
		F8A8F0D12C33E3B00012501C /* LoginViewModel.swift in Sources */ = {isa = PBXBuildFile; fileRef = F8A8F0D02C33E3B00012501C /* LoginViewModel.swift */; };
		F8A8F0D32C33E44B0012501C /* MainViewModel.swift in Sources */ = {isa = PBXBuildFile; fileRef = F8A8F0D22C33E44B0012501C /* MainViewModel.swift */; };
		F8A8F0D52C33E4DA0012501C /* AuthManager.swift in Sources */ = {isa = PBXBuildFile; fileRef = F8A8F0D42C33E4D90012501C /* AuthManager.swift */; };
		F8A8F0D72C33E5680012501C /* User.swift in Sources */ = {isa = PBXBuildFile; fileRef = F8A8F0D62C33E5680012501C /* User.swift */; };
		F8A8F0E12C33E66A0012501C /* ResetPasswordAnimationView.swift in Sources */ = {isa = PBXBuildFile; fileRef = F8A8F0D82C33E66A0012501C /* ResetPasswordAnimationView.swift */; };
		F8A8F0E22C33E66A0012501C /* ForgotPasswordBottonButton.swift in Sources */ = {isa = PBXBuildFile; fileRef = F8A8F0DA2C33E66A0012501C /* ForgotPasswordBottonButton.swift */; };
		F8A8F0E32C33E66A0012501C /* ForgotPasswordSegment.swift in Sources */ = {isa = PBXBuildFile; fileRef = F8A8F0DB2C33E66A0012501C /* ForgotPasswordSegment.swift */; };
		F8A8F0E42C33E66A0012501C /* ForgotPasswordView.swift in Sources */ = {isa = PBXBuildFile; fileRef = F8A8F0DC2C33E66A0012501C /* ForgotPasswordView.swift */; };
		F8A8F0E52C33E66A0012501C /* ForgotPasswordViewModel.swift in Sources */ = {isa = PBXBuildFile; fileRef = F8A8F0DE2C33E66A0012501C /* ForgotPasswordViewModel.swift */; };
		F8A8F0FB2C33E79B0012501C /* CodeTextFields.swift in Sources */ = {isa = PBXBuildFile; fileRef = F8A8F0F82C33E79B0012501C /* CodeTextFields.swift */; };
		F8A8F0FC2C33E79B0012501C /* SegmentCodeTextFields.swift in Sources */ = {isa = PBXBuildFile; fileRef = F8A8F0F92C33E79B0012501C /* SegmentCodeTextFields.swift */; };
		F8A8F0FE2C33E8410012501C /* View.swift in Sources */ = {isa = PBXBuildFile; fileRef = F8A8F0FD2C33E8410012501C /* View.swift */; };
		F8A8F1012C33E8820012501C /* Lottie in Frameworks */ = {isa = PBXBuildFile; productRef = F8A8F1002C33E8820012501C /* Lottie */; };
		F8A8F1032C33E9810012501C /* TimerView.swift in Sources */ = {isa = PBXBuildFile; fileRef = F8A8F1022C33E9810012501C /* TimerView.swift */; };
		F8A8F1052C33E9C80012501C /* Color.swift in Sources */ = {isa = PBXBuildFile; fileRef = F8A8F1042C33E9C80012501C /* Color.swift */; };
		F8A8F1072C33EA800012501C /* UIApplication.swift in Sources */ = {isa = PBXBuildFile; fileRef = F8A8F1062C33EA800012501C /* UIApplication.swift */; };
		F8A8F1092C33EAD90012501C /* BottomSheetView.swift in Sources */ = {isa = PBXBuildFile; fileRef = F8A8F1082C33EAD90012501C /* BottomSheetView.swift */; };
		F8A8F10B2C33EB340012501C /* String.swift in Sources */ = {isa = PBXBuildFile; fileRef = F8A8F10A2C33EB340012501C /* String.swift */; };
		F8A8F10D2C33ED840012501C /* 1708031048469-open-lock.json in Resources */ = {isa = PBXBuildFile; fileRef = F8A8F10C2C33ED830012501C /* 1708031048469-open-lock.json */; };
		F8A8F1102C33F0550012501C /* FPView.swift in Sources */ = {isa = PBXBuildFile; fileRef = F8A8F10F2C33F0550012501C /* FPView.swift */; };
		F8A8F1132C33F6A00012501C /* SwiftfulUI in Frameworks */ = {isa = PBXBuildFile; productRef = F8A8F1122C33F6A00012501C /* SwiftfulUI */; };
		F8A8F1182C341F8E0012501C /* PickerView.swift in Sources */ = {isa = PBXBuildFile; fileRef = F8A8F1172C341F8E0012501C /* PickerView.swift */; };
		F8A8F11D2C34279A0012501C /* SendCodeOnMailView.swift in Sources */ = {isa = PBXBuildFile; fileRef = F8A8F11C2C3427990012501C /* SendCodeOnMailView.swift */; };
		F8A8F1212C3427D10012501C /* SendCodeOnMailViewModel.swift in Sources */ = {isa = PBXBuildFile; fileRef = F8A8F1202C3427D10012501C /* SendCodeOnMailViewModel.swift */; };
		F8A8F1242C344B680012501C /* SwiftfulRouting in Frameworks */ = {isa = PBXBuildFile; productRef = F8A8F1232C344B680012501C /* SwiftfulRouting */; };
/* End PBXBuildFile section */

/* Begin PBXFileReference section */
		F8A8F0BF2C33E2730012501C /* LMS_Mobile.app */ = {isa = PBXFileReference; explicitFileType = wrapper.application; includeInIndex = 0; path = LMS_Mobile.app; sourceTree = BUILT_PRODUCTS_DIR; };
		F8A8F0C22C33E2730012501C /* LMS_MobileApp.swift */ = {isa = PBXFileReference; lastKnownFileType = sourcecode.swift; path = LMS_MobileApp.swift; sourceTree = "<group>"; };
		F8A8F0C42C33E2730012501C /* LoginView.swift */ = {isa = PBXFileReference; lastKnownFileType = sourcecode.swift; path = LoginView.swift; sourceTree = "<group>"; };
		F8A8F0C62C33E2760012501C /* Assets.xcassets */ = {isa = PBXFileReference; lastKnownFileType = folder.assetcatalog; path = Assets.xcassets; sourceTree = "<group>"; };
		F8A8F0C92C33E2760012501C /* Preview Assets.xcassets */ = {isa = PBXFileReference; lastKnownFileType = folder.assetcatalog; path = "Preview Assets.xcassets"; sourceTree = "<group>"; };
		F8A8F0D02C33E3B00012501C /* LoginViewModel.swift */ = {isa = PBXFileReference; lastKnownFileType = sourcecode.swift; path = LoginViewModel.swift; sourceTree = "<group>"; };
		F8A8F0D22C33E44B0012501C /* MainViewModel.swift */ = {isa = PBXFileReference; lastKnownFileType = sourcecode.swift; path = MainViewModel.swift; sourceTree = "<group>"; };
		F8A8F0D42C33E4D90012501C /* AuthManager.swift */ = {isa = PBXFileReference; lastKnownFileType = sourcecode.swift; path = AuthManager.swift; sourceTree = "<group>"; };
		F8A8F0D62C33E5680012501C /* User.swift */ = {isa = PBXFileReference; lastKnownFileType = sourcecode.swift; path = User.swift; sourceTree = "<group>"; };
		F8A8F0D82C33E66A0012501C /* ResetPasswordAnimationView.swift */ = {isa = PBXFileReference; fileEncoding = 4; lastKnownFileType = sourcecode.swift; path = ResetPasswordAnimationView.swift; sourceTree = "<group>"; };
		F8A8F0DA2C33E66A0012501C /* ForgotPasswordBottonButton.swift */ = {isa = PBXFileReference; fileEncoding = 4; lastKnownFileType = sourcecode.swift; path = ForgotPasswordBottonButton.swift; sourceTree = "<group>"; };
		F8A8F0DB2C33E66A0012501C /* ForgotPasswordSegment.swift */ = {isa = PBXFileReference; fileEncoding = 4; lastKnownFileType = sourcecode.swift; path = ForgotPasswordSegment.swift; sourceTree = "<group>"; };
		F8A8F0DC2C33E66A0012501C /* ForgotPasswordView.swift */ = {isa = PBXFileReference; fileEncoding = 4; lastKnownFileType = sourcecode.swift; path = ForgotPasswordView.swift; sourceTree = "<group>"; };
		F8A8F0DE2C33E66A0012501C /* ForgotPasswordViewModel.swift */ = {isa = PBXFileReference; fileEncoding = 4; lastKnownFileType = sourcecode.swift; path = ForgotPasswordViewModel.swift; sourceTree = "<group>"; };
		F8A8F0F82C33E79B0012501C /* CodeTextFields.swift */ = {isa = PBXFileReference; fileEncoding = 4; lastKnownFileType = sourcecode.swift; path = CodeTextFields.swift; sourceTree = "<group>"; };
		F8A8F0F92C33E79B0012501C /* SegmentCodeTextFields.swift */ = {isa = PBXFileReference; fileEncoding = 4; lastKnownFileType = sourcecode.swift; path = SegmentCodeTextFields.swift; sourceTree = "<group>"; };
		F8A8F0FD2C33E8410012501C /* View.swift */ = {isa = PBXFileReference; lastKnownFileType = sourcecode.swift; path = View.swift; sourceTree = "<group>"; };
		F8A8F1022C33E9810012501C /* TimerView.swift */ = {isa = PBXFileReference; lastKnownFileType = sourcecode.swift; path = TimerView.swift; sourceTree = "<group>"; };
		F8A8F1042C33E9C80012501C /* Color.swift */ = {isa = PBXFileReference; lastKnownFileType = sourcecode.swift; path = Color.swift; sourceTree = "<group>"; };
		F8A8F1062C33EA800012501C /* UIApplication.swift */ = {isa = PBXFileReference; lastKnownFileType = sourcecode.swift; path = UIApplication.swift; sourceTree = "<group>"; };
		F8A8F1082C33EAD90012501C /* BottomSheetView.swift */ = {isa = PBXFileReference; lastKnownFileType = sourcecode.swift; path = BottomSheetView.swift; sourceTree = "<group>"; };
		F8A8F10A2C33EB340012501C /* String.swift */ = {isa = PBXFileReference; lastKnownFileType = sourcecode.swift; path = String.swift; sourceTree = "<group>"; };
		F8A8F10C2C33ED830012501C /* 1708031048469-open-lock.json */ = {isa = PBXFileReference; fileEncoding = 4; lastKnownFileType = text.json; path = "1708031048469-open-lock.json"; sourceTree = "<group>"; };
		F8A8F10F2C33F0550012501C /* FPView.swift */ = {isa = PBXFileReference; lastKnownFileType = sourcecode.swift; path = FPView.swift; sourceTree = "<group>"; };
		F8A8F1172C341F8E0012501C /* PickerView.swift */ = {isa = PBXFileReference; lastKnownFileType = sourcecode.swift; path = PickerView.swift; sourceTree = "<group>"; };
		F8A8F11C2C3427990012501C /* SendCodeOnMailView.swift */ = {isa = PBXFileReference; lastKnownFileType = sourcecode.swift; path = SendCodeOnMailView.swift; sourceTree = "<group>"; };
		F8A8F1202C3427D10012501C /* SendCodeOnMailViewModel.swift */ = {isa = PBXFileReference; lastKnownFileType = sourcecode.swift; path = SendCodeOnMailViewModel.swift; sourceTree = "<group>"; };
/* End PBXFileReference section */

/* Begin PBXFrameworksBuildPhase section */
		F8A8F0BC2C33E2730012501C /* Frameworks */ = {
			isa = PBXFrameworksBuildPhase;
			buildActionMask = 2147483647;
			files = (
				F8A8F1132C33F6A00012501C /* SwiftfulUI in Frameworks */,
				F8A8F1242C344B680012501C /* SwiftfulRouting in Frameworks */,
				F8A8F1012C33E8820012501C /* Lottie in Frameworks */,
			);
			runOnlyForDeploymentPostprocessing = 0;
		};
/* End PBXFrameworksBuildPhase section */

/* Begin PBXGroup section */
		F8A8F0B62C33E2730012501C = {
			isa = PBXGroup;
			children = (
				F8A8F0C12C33E2730012501C /* LMS_Mobile */,
				F8A8F0C02C33E2730012501C /* Products */,
			);
			sourceTree = "<group>";
		};
		F8A8F0C02C33E2730012501C /* Products */ = {
			isa = PBXGroup;
			children = (
				F8A8F0BF2C33E2730012501C /* LMS_Mobile.app */,
			);
			name = Products;
			sourceTree = "<group>";
		};
		F8A8F0C12C33E2730012501C /* LMS_Mobile */ = {
			isa = PBXGroup;
			children = (
				F8A8F1142C33FDDC0012501C /* Extension */,
				F8A8F0C22C33E2730012501C /* LMS_MobileApp.swift */,
				F8A8F0D02C33E3B00012501C /* LoginViewModel.swift */,
				F8A8F0D22C33E44B0012501C /* MainViewModel.swift */,
				F8A8F1252C3571B00012501C /* Utillity */,
				F8A8F1192C3426E60012501C /* Models */,
				F8A8F1152C341E310012501C /* Components */,
				F8A8F11A2C3427150012501C /* Core */,
				F8A8F1042C33E9C80012501C /* Color.swift */,
				F8A8F0C62C33E2760012501C /* Assets.xcassets */,
				F8A8F0C82C33E2760012501C /* Preview Content */,
			);
			path = LMS_Mobile;
			sourceTree = "<group>";
		};
		F8A8F0C82C33E2760012501C /* Preview Content */ = {
			isa = PBXGroup;
			children = (
				F8A8F0C92C33E2760012501C /* Preview Assets.xcassets */,
			);
			path = "Preview Content";
			sourceTree = "<group>";
		};
		F8A8F0D92C33E66A0012501C /* Animation */ = {
			isa = PBXGroup;
			children = (
				F8A8F0D82C33E66A0012501C /* ResetPasswordAnimationView.swift */,
				F8A8F10C2C33ED830012501C /* 1708031048469-open-lock.json */,
			);
			path = Animation;
			sourceTree = "<group>";
		};
		F8A8F0DD2C33E66A0012501C /* View */ = {
			isa = PBXGroup;
			children = (
				F8A8F0DC2C33E66A0012501C /* ForgotPasswordView.swift */,
				F8A8F0DB2C33E66A0012501C /* ForgotPasswordSegment.swift */,
				F8A8F0DA2C33E66A0012501C /* ForgotPasswordBottonButton.swift */,
				F8A8F1022C33E9810012501C /* TimerView.swift */,
				F8A8F0FA2C33E79B0012501C /* CodeTextFields */,
			);
			path = View;
			sourceTree = "<group>";
		};
		F8A8F0DF2C33E66A0012501C /* ViewModel */ = {
			isa = PBXGroup;
			children = (
				F8A8F0DE2C33E66A0012501C /* ForgotPasswordViewModel.swift */,
			);
			path = ViewModel;
			sourceTree = "<group>";
		};
		F8A8F0E02C33E66A0012501C /* ForgotPassword */ = {
			isa = PBXGroup;
			children = (
				F8A8F10E2C33F0280012501C /* Extension */,
				F8A8F0D92C33E66A0012501C /* Animation */,
				F8A8F0DF2C33E66A0012501C /* ViewModel */,
				F8A8F0DD2C33E66A0012501C /* View */,
			);
			path = ForgotPassword;
			sourceTree = "<group>";
		};
		F8A8F0FA2C33E79B0012501C /* CodeTextFields */ = {
			isa = PBXGroup;
			children = (
				F8A8F0F82C33E79B0012501C /* CodeTextFields.swift */,
				F8A8F0F92C33E79B0012501C /* SegmentCodeTextFields.swift */,
			);
			path = CodeTextFields;
			sourceTree = "<group>";
		};
		F8A8F10E2C33F0280012501C /* Extension */ = {
			isa = PBXGroup;
			children = (
				F8A8F10F2C33F0550012501C /* FPView.swift */,
			);
			path = Extension;
			sourceTree = "<group>";
		};
		F8A8F1142C33FDDC0012501C /* Extension */ = {
			isa = PBXGroup;
			children = (
				F8A8F1062C33EA800012501C /* UIApplication.swift */,
				F8A8F0FD2C33E8410012501C /* View.swift */,
				F8A8F10A2C33EB340012501C /* String.swift */,
			);
			path = Extension;
			sourceTree = "<group>";
		};
		F8A8F1152C341E310012501C /* Components */ = {
			isa = PBXGroup;
			children = (
				F8A8F1082C33EAD90012501C /* BottomSheetView.swift */,
				F8A8F0E02C33E66A0012501C /* ForgotPassword */,
				F8A8F11B2C34276C0012501C /* SendCodeOnMail */,
				F8A8F1172C341F8E0012501C /* PickerView.swift */,
			);
			path = Components;
			sourceTree = "<group>";
		};
		F8A8F1192C3426E60012501C /* Models */ = {
			isa = PBXGroup;
			children = (
				F8A8F0D62C33E5680012501C /* User.swift */,
			);
			path = Models;
			sourceTree = "<group>";
		};
		F8A8F11A2C3427150012501C /* Core */ = {
			isa = PBXGroup;
			children = (
				F8A8F0C42C33E2730012501C /* LoginView.swift */,
			);
			path = Core;
			sourceTree = "<group>";
		};
		F8A8F11B2C34276C0012501C /* SendCodeOnMail */ = {
			isa = PBXGroup;
			children = (
				F8A8F11F2C3427B50012501C /* ViewModel */,
				F8A8F11E2C3427AD0012501C /* View */,
			);
			path = SendCodeOnMail;
			sourceTree = "<group>";
		};
		F8A8F11E2C3427AD0012501C /* View */ = {
			isa = PBXGroup;
			children = (
				F8A8F11C2C3427990012501C /* SendCodeOnMailView.swift */,
			);
			path = View;
			sourceTree = "<group>";
		};
		F8A8F11F2C3427B50012501C /* ViewModel */ = {
			isa = PBXGroup;
			children = (
				F8A8F1202C3427D10012501C /* SendCodeOnMailViewModel.swift */,
			);
			path = ViewModel;
			sourceTree = "<group>";
		};
		F8A8F1252C3571B00012501C /* Utillity */ = {
			isa = PBXGroup;
			children = (
				F8A8F0D42C33E4D90012501C /* AuthManager.swift */,
			);
			path = Utillity;
			sourceTree = "<group>";
		};
/* End PBXGroup section */

/* Begin PBXNativeTarget section */
		F8A8F0BE2C33E2730012501C /* LMS_Mobile */ = {
			isa = PBXNativeTarget;
			buildConfigurationList = F8A8F0CD2C33E2760012501C /* Build configuration list for PBXNativeTarget "LMS_Mobile" */;
			buildPhases = (
				F8A8F0BB2C33E2730012501C /* Sources */,
				F8A8F0BC2C33E2730012501C /* Frameworks */,
				F8A8F0BD2C33E2730012501C /* Resources */,
			);
			buildRules = (
			);
			dependencies = (
			);
			name = LMS_Mobile;
			packageProductDependencies = (
				F8A8F1002C33E8820012501C /* Lottie */,
				F8A8F1122C33F6A00012501C /* SwiftfulUI */,
				F8A8F1232C344B680012501C /* SwiftfulRouting */,
			);
			productName = LMS_Mobile;
			productReference = F8A8F0BF2C33E2730012501C /* LMS_Mobile.app */;
			productType = "com.apple.product-type.application";
		};
/* End PBXNativeTarget section */

/* Begin PBXProject section */
		F8A8F0B72C33E2730012501C /* Project object */ = {
			isa = PBXProject;
			attributes = {
				BuildIndependentTargetsInParallel = 1;
				LastSwiftUpdateCheck = 1540;
				LastUpgradeCheck = 1540;
				TargetAttributes = {
					F8A8F0BE2C33E2730012501C = {
						CreatedOnToolsVersion = 15.4;
					};
				};
			};
			buildConfigurationList = F8A8F0BA2C33E2730012501C /* Build configuration list for PBXProject "LMS_Mobile" */;
			compatibilityVersion = "Xcode 14.0";
			developmentRegion = en;
			hasScannedForEncodings = 0;
			knownRegions = (
				en,
				Base,
			);
			mainGroup = F8A8F0B62C33E2730012501C;
			packageReferences = (
				F8A8F0FF2C33E8820012501C /* XCRemoteSwiftPackageReference "lottie-ios" */,
				F8A8F1112C33F6A00012501C /* XCRemoteSwiftPackageReference "SwiftfulUI" */,
				F8A8F1222C344B680012501C /* XCRemoteSwiftPackageReference "SwiftfulRouting" */,
			);
			productRefGroup = F8A8F0C02C33E2730012501C /* Products */;
			projectDirPath = "";
			projectRoot = "";
			targets = (
				F8A8F0BE2C33E2730012501C /* LMS_Mobile */,
			);
		};
/* End PBXProject section */

/* Begin PBXResourcesBuildPhase section */
		F8A8F0BD2C33E2730012501C /* Resources */ = {
			isa = PBXResourcesBuildPhase;
			buildActionMask = 2147483647;
			files = (
				F8A8F10D2C33ED840012501C /* 1708031048469-open-lock.json in Resources */,
				F8A8F0CA2C33E2760012501C /* Preview Assets.xcassets in Resources */,
				F8A8F0C72C33E2760012501C /* Assets.xcassets in Resources */,
			);
			runOnlyForDeploymentPostprocessing = 0;
		};
/* End PBXResourcesBuildPhase section */

/* Begin PBXSourcesBuildPhase section */
		F8A8F0BB2C33E2730012501C /* Sources */ = {
			isa = PBXSourcesBuildPhase;
			buildActionMask = 2147483647;
			files = (
				F8A8F0FE2C33E8410012501C /* View.swift in Sources */,
				F8A8F1092C33EAD90012501C /* BottomSheetView.swift in Sources */,
				F8A8F0FB2C33E79B0012501C /* CodeTextFields.swift in Sources */,
				F8A8F0C52C33E2730012501C /* LoginView.swift in Sources */,
				F8A8F0C32C33E2730012501C /* LMS_MobileApp.swift in Sources */,
				F8A8F0E22C33E66A0012501C /* ForgotPasswordBottonButton.swift in Sources */,
				F8A8F0E12C33E66A0012501C /* ResetPasswordAnimationView.swift in Sources */,
				F8A8F1102C33F0550012501C /* FPView.swift in Sources */,
				F8A8F1032C33E9810012501C /* TimerView.swift in Sources */,
				F8A8F1212C3427D10012501C /* SendCodeOnMailViewModel.swift in Sources */,
				F8A8F1072C33EA800012501C /* UIApplication.swift in Sources */,
				F8A8F0D72C33E5680012501C /* User.swift in Sources */,
				F8A8F0D12C33E3B00012501C /* LoginViewModel.swift in Sources */,
				F8A8F1182C341F8E0012501C /* PickerView.swift in Sources */,
				F8A8F0FC2C33E79B0012501C /* SegmentCodeTextFields.swift in Sources */,
				F8A8F0E52C33E66A0012501C /* ForgotPasswordViewModel.swift in Sources */,
				F8A8F11D2C34279A0012501C /* SendCodeOnMailView.swift in Sources */,
				F8A8F0D32C33E44B0012501C /* MainViewModel.swift in Sources */,
				F8A8F0E32C33E66A0012501C /* ForgotPasswordSegment.swift in Sources */,
				F8A8F0E42C33E66A0012501C /* ForgotPasswordView.swift in Sources */,
				F8A8F0D52C33E4DA0012501C /* AuthManager.swift in Sources */,
				F8A8F10B2C33EB340012501C /* String.swift in Sources */,
				F8A8F1052C33E9C80012501C /* Color.swift in Sources */,
			);
			runOnlyForDeploymentPostprocessing = 0;
		};
/* End PBXSourcesBuildPhase section */

/* Begin XCBuildConfiguration section */
		F8A8F0CB2C33E2760012501C /* Debug */ = {
			isa = XCBuildConfiguration;
			buildSettings = {
				ALWAYS_SEARCH_USER_PATHS = NO;
				ASSETCATALOG_COMPILER_GENERATE_SWIFT_ASSET_SYMBOL_EXTENSIONS = YES;
				CLANG_ANALYZER_NONNULL = YES;
				CLANG_ANALYZER_NUMBER_OBJECT_CONVERSION = YES_AGGRESSIVE;
				CLANG_CXX_LANGUAGE_STANDARD = "gnu++20";
				CLANG_ENABLE_MODULES = YES;
				CLANG_ENABLE_OBJC_ARC = YES;
				CLANG_ENABLE_OBJC_WEAK = YES;
				CLANG_WARN_BLOCK_CAPTURE_AUTORELEASING = YES;
				CLANG_WARN_BOOL_CONVERSION = YES;
				CLANG_WARN_COMMA = YES;
				CLANG_WARN_CONSTANT_CONVERSION = YES;
				CLANG_WARN_DEPRECATED_OBJC_IMPLEMENTATIONS = YES;
				CLANG_WARN_DIRECT_OBJC_ISA_USAGE = YES_ERROR;
				CLANG_WARN_DOCUMENTATION_COMMENTS = YES;
				CLANG_WARN_EMPTY_BODY = YES;
				CLANG_WARN_ENUM_CONVERSION = YES;
				CLANG_WARN_INFINITE_RECURSION = YES;
				CLANG_WARN_INT_CONVERSION = YES;
				CLANG_WARN_NON_LITERAL_NULL_CONVERSION = YES;
				CLANG_WARN_OBJC_IMPLICIT_RETAIN_SELF = YES;
				CLANG_WARN_OBJC_LITERAL_CONVERSION = YES;
				CLANG_WARN_OBJC_ROOT_CLASS = YES_ERROR;
				CLANG_WARN_QUOTED_INCLUDE_IN_FRAMEWORK_HEADER = YES;
				CLANG_WARN_RANGE_LOOP_ANALYSIS = YES;
				CLANG_WARN_STRICT_PROTOTYPES = YES;
				CLANG_WARN_SUSPICIOUS_MOVE = YES;
				CLANG_WARN_UNGUARDED_AVAILABILITY = YES_AGGRESSIVE;
				CLANG_WARN_UNREACHABLE_CODE = YES;
				CLANG_WARN__DUPLICATE_METHOD_MATCH = YES;
				COPY_PHASE_STRIP = NO;
				DEBUG_INFORMATION_FORMAT = dwarf;
				ENABLE_STRICT_OBJC_MSGSEND = YES;
				ENABLE_TESTABILITY = YES;
				ENABLE_USER_SCRIPT_SANDBOXING = YES;
				GCC_C_LANGUAGE_STANDARD = gnu17;
				GCC_DYNAMIC_NO_PIC = NO;
				GCC_NO_COMMON_BLOCKS = YES;
				GCC_OPTIMIZATION_LEVEL = 0;
				GCC_PREPROCESSOR_DEFINITIONS = (
					"DEBUG=1",
					"$(inherited)",
				);
				GCC_WARN_64_TO_32_BIT_CONVERSION = YES;
				GCC_WARN_ABOUT_RETURN_TYPE = YES_ERROR;
				GCC_WARN_UNDECLARED_SELECTOR = YES;
				GCC_WARN_UNINITIALIZED_AUTOS = YES_AGGRESSIVE;
				GCC_WARN_UNUSED_FUNCTION = YES;
				GCC_WARN_UNUSED_VARIABLE = YES;
				IPHONEOS_DEPLOYMENT_TARGET = 17.5;
				LOCALIZATION_PREFERS_STRING_CATALOGS = YES;
				MTL_ENABLE_DEBUG_INFO = INCLUDE_SOURCE;
				MTL_FAST_MATH = YES;
				ONLY_ACTIVE_ARCH = YES;
				SDKROOT = iphoneos;
				SWIFT_ACTIVE_COMPILATION_CONDITIONS = "DEBUG $(inherited)";
				SWIFT_OPTIMIZATION_LEVEL = "-Onone";
			};
			name = Debug;
		};
		F8A8F0CC2C33E2760012501C /* Release */ = {
			isa = XCBuildConfiguration;
			buildSettings = {
				ALWAYS_SEARCH_USER_PATHS = NO;
				ASSETCATALOG_COMPILER_GENERATE_SWIFT_ASSET_SYMBOL_EXTENSIONS = YES;
				CLANG_ANALYZER_NONNULL = YES;
				CLANG_ANALYZER_NUMBER_OBJECT_CONVERSION = YES_AGGRESSIVE;
				CLANG_CXX_LANGUAGE_STANDARD = "gnu++20";
				CLANG_ENABLE_MODULES = YES;
				CLANG_ENABLE_OBJC_ARC = YES;
				CLANG_ENABLE_OBJC_WEAK = YES;
				CLANG_WARN_BLOCK_CAPTURE_AUTORELEASING = YES;
				CLANG_WARN_BOOL_CONVERSION = YES;
				CLANG_WARN_COMMA = YES;
				CLANG_WARN_CONSTANT_CONVERSION = YES;
				CLANG_WARN_DEPRECATED_OBJC_IMPLEMENTATIONS = YES;
				CLANG_WARN_DIRECT_OBJC_ISA_USAGE = YES_ERROR;
				CLANG_WARN_DOCUMENTATION_COMMENTS = YES;
				CLANG_WARN_EMPTY_BODY = YES;
				CLANG_WARN_ENUM_CONVERSION = YES;
				CLANG_WARN_INFINITE_RECURSION = YES;
				CLANG_WARN_INT_CONVERSION = YES;
				CLANG_WARN_NON_LITERAL_NULL_CONVERSION = YES;
				CLANG_WARN_OBJC_IMPLICIT_RETAIN_SELF = YES;
				CLANG_WARN_OBJC_LITERAL_CONVERSION = YES;
				CLANG_WARN_OBJC_ROOT_CLASS = YES_ERROR;
				CLANG_WARN_QUOTED_INCLUDE_IN_FRAMEWORK_HEADER = YES;
				CLANG_WARN_RANGE_LOOP_ANALYSIS = YES;
				CLANG_WARN_STRICT_PROTOTYPES = YES;
				CLANG_WARN_SUSPICIOUS_MOVE = YES;
				CLANG_WARN_UNGUARDED_AVAILABILITY = YES_AGGRESSIVE;
				CLANG_WARN_UNREACHABLE_CODE = YES;
				CLANG_WARN__DUPLICATE_METHOD_MATCH = YES;
				COPY_PHASE_STRIP = NO;
				DEBUG_INFORMATION_FORMAT = "dwarf-with-dsym";
				ENABLE_NS_ASSERTIONS = NO;
				ENABLE_STRICT_OBJC_MSGSEND = YES;
				ENABLE_USER_SCRIPT_SANDBOXING = YES;
				GCC_C_LANGUAGE_STANDARD = gnu17;
				GCC_NO_COMMON_BLOCKS = YES;
				GCC_WARN_64_TO_32_BIT_CONVERSION = YES;
				GCC_WARN_ABOUT_RETURN_TYPE = YES_ERROR;
				GCC_WARN_UNDECLARED_SELECTOR = YES;
				GCC_WARN_UNINITIALIZED_AUTOS = YES_AGGRESSIVE;
				GCC_WARN_UNUSED_FUNCTION = YES;
				GCC_WARN_UNUSED_VARIABLE = YES;
				IPHONEOS_DEPLOYMENT_TARGET = 17.5;
				LOCALIZATION_PREFERS_STRING_CATALOGS = YES;
				MTL_ENABLE_DEBUG_INFO = NO;
				MTL_FAST_MATH = YES;
				SDKROOT = iphoneos;
				SWIFT_COMPILATION_MODE = wholemodule;
				VALIDATE_PRODUCT = YES;
			};
			name = Release;
		};
		F8A8F0CE2C33E2760012501C /* Debug */ = {
			isa = XCBuildConfiguration;
			buildSettings = {
				ASSETCATALOG_COMPILER_APPICON_NAME = AppIcon;
				ASSETCATALOG_COMPILER_GLOBAL_ACCENT_COLOR_NAME = AccentColor;
				CODE_SIGN_STYLE = Automatic;
				CURRENT_PROJECT_VERSION = 1;
				DEVELOPMENT_ASSET_PATHS = "\"LMS_Mobile/Preview Content\"";
				DEVELOPMENT_TEAM = GLVZ4657KM;
				ENABLE_PREVIEWS = YES;
				GENERATE_INFOPLIST_FILE = YES;
				INFOPLIST_KEY_UIApplicationSceneManifest_Generation = YES;
				INFOPLIST_KEY_UIApplicationSupportsIndirectInputEvents = YES;
				INFOPLIST_KEY_UILaunchScreen_Generation = YES;
				INFOPLIST_KEY_UISupportedInterfaceOrientations_iPad = "UIInterfaceOrientationPortrait UIInterfaceOrientationPortraitUpsideDown UIInterfaceOrientationLandscapeLeft UIInterfaceOrientationLandscapeRight";
				INFOPLIST_KEY_UISupportedInterfaceOrientations_iPhone = "UIInterfaceOrientationPortrait UIInterfaceOrientationLandscapeLeft UIInterfaceOrientationLandscapeRight";
				LD_RUNPATH_SEARCH_PATHS = (
					"$(inherited)",
					"@executable_path/Frameworks",
				);
				MARKETING_VERSION = 1.0;
				PRODUCT_BUNDLE_IDENTIFIER = "com.gregfields.LMS-Mobile";
				PRODUCT_NAME = "$(TARGET_NAME)";
				SWIFT_EMIT_LOC_STRINGS = YES;
				SWIFT_VERSION = 5.0;
				TARGETED_DEVICE_FAMILY = "1,2";
			};
			name = Debug;
		};
		F8A8F0CF2C33E2760012501C /* Release */ = {
			isa = XCBuildConfiguration;
			buildSettings = {
				ASSETCATALOG_COMPILER_APPICON_NAME = AppIcon;
				ASSETCATALOG_COMPILER_GLOBAL_ACCENT_COLOR_NAME = AccentColor;
				CODE_SIGN_STYLE = Automatic;
				CURRENT_PROJECT_VERSION = 1;
				DEVELOPMENT_ASSET_PATHS = "\"LMS_Mobile/Preview Content\"";
				DEVELOPMENT_TEAM = GLVZ4657KM;
				ENABLE_PREVIEWS = YES;
				GENERATE_INFOPLIST_FILE = YES;
				INFOPLIST_KEY_UIApplicationSceneManifest_Generation = YES;
				INFOPLIST_KEY_UIApplicationSupportsIndirectInputEvents = YES;
				INFOPLIST_KEY_UILaunchScreen_Generation = YES;
				INFOPLIST_KEY_UISupportedInterfaceOrientations_iPad = "UIInterfaceOrientationPortrait UIInterfaceOrientationPortraitUpsideDown UIInterfaceOrientationLandscapeLeft UIInterfaceOrientationLandscapeRight";
				INFOPLIST_KEY_UISupportedInterfaceOrientations_iPhone = "UIInterfaceOrientationPortrait UIInterfaceOrientationLandscapeLeft UIInterfaceOrientationLandscapeRight";
				LD_RUNPATH_SEARCH_PATHS = (
					"$(inherited)",
					"@executable_path/Frameworks",
				);
				MARKETING_VERSION = 1.0;
				PRODUCT_BUNDLE_IDENTIFIER = "com.gregfields.LMS-Mobile";
				PRODUCT_NAME = "$(TARGET_NAME)";
				SWIFT_EMIT_LOC_STRINGS = YES;
				SWIFT_VERSION = 5.0;
				TARGETED_DEVICE_FAMILY = "1,2";
			};
			name = Release;
		};
/* End XCBuildConfiguration section */

/* Begin XCConfigurationList section */
		F8A8F0BA2C33E2730012501C /* Build configuration list for PBXProject "LMS_Mobile" */ = {
			isa = XCConfigurationList;
			buildConfigurations = (
				F8A8F0CB2C33E2760012501C /* Debug */,
				F8A8F0CC2C33E2760012501C /* Release */,
			);
			defaultConfigurationIsVisible = 0;
			defaultConfigurationName = Release;
		};
		F8A8F0CD2C33E2760012501C /* Build configuration list for PBXNativeTarget "LMS_Mobile" */ = {
			isa = XCConfigurationList;
			buildConfigurations = (
				F8A8F0CE2C33E2760012501C /* Debug */,
				F8A8F0CF2C33E2760012501C /* Release */,
			);
			defaultConfigurationIsVisible = 0;
			defaultConfigurationName = Release;
		};
/* End XCConfigurationList section */

/* Begin XCRemoteSwiftPackageReference section */
		F8A8F0FF2C33E8820012501C /* XCRemoteSwiftPackageReference "lottie-ios" */ = {
			isa = XCRemoteSwiftPackageReference;
			repositoryURL = "https://github.com/airbnb/lottie-ios.git";
			requirement = {
				kind = upToNextMajorVersion;
				minimumVersion = 4.4.3;
			};
		};
		F8A8F1112C33F6A00012501C /* XCRemoteSwiftPackageReference "SwiftfulUI" */ = {
			isa = XCRemoteSwiftPackageReference;
			repositoryURL = "https://github.com/SwiftfulThinking/SwiftfulUI.git";
			requirement = {
				kind = upToNextMajorVersion;
				minimumVersion = 1.2.0;
			};
		};
		F8A8F1222C344B680012501C /* XCRemoteSwiftPackageReference "SwiftfulRouting" */ = {
			isa = XCRemoteSwiftPackageReference;
			repositoryURL = "https://github.com/SwiftfulThinking/SwiftfulRouting.git";
			requirement = {
				kind = upToNextMajorVersion;
				minimumVersion = 5.3.5;
			};
		};
/* End XCRemoteSwiftPackageReference section */

/* Begin XCSwiftPackageProductDependency section */
		F8A8F1002C33E8820012501C /* Lottie */ = {
			isa = XCSwiftPackageProductDependency;
			package = F8A8F0FF2C33E8820012501C /* XCRemoteSwiftPackageReference "lottie-ios" */;
			productName = Lottie;
		};
		F8A8F1122C33F6A00012501C /* SwiftfulUI */ = {
			isa = XCSwiftPackageProductDependency;
			package = F8A8F1112C33F6A00012501C /* XCRemoteSwiftPackageReference "SwiftfulUI" */;
			productName = SwiftfulUI;
		};
		F8A8F1232C344B680012501C /* SwiftfulRouting */ = {
			isa = XCSwiftPackageProductDependency;
			package = F8A8F1222C344B680012501C /* XCRemoteSwiftPackageReference "SwiftfulRouting" */;
			productName = SwiftfulRouting;
		};
/* End XCSwiftPackageProductDependency section */
	};
	rootObject = F8A8F0B72C33E2730012501C /* Project object */;
}
